
Microsoft Visual Studio Solution File, Format Version 12.00
# Visual Studio Version 17
VisualStudioVersion = 17.1.32328.378
MinimumVisualStudioVersion = 10.0.40219.1
Project("{FAE04EC0-301F-11D3-BF4B-00C04F79EFBC}") = "Enums", "Enums.csproj", "{6073D790-CBCE-4DC7-AC11-47B86284FC0B}"
EndProject
Global
	GlobalSection(SolutionConfigurationPlatforms) = preSolution
		Debug|Any CPU = Debug|Any CPU
		Release|Any CPU = Release|Any CPU
	EndGlobalSection
	GlobalSection(ProjectConfigurationPlatforms) = postSolution
		{6073D790-CBCE-4DC7-AC11-47B86284FC0B}.Debug|Any CPU.ActiveCfg = Debug|Any CPU
		{6073D790-CBCE-4DC7-AC11-47B86284FC0B}.Debug|Any CPU.Build.0 = Debug|Any CPU
		{6073D790-CBCE-4DC7-AC11-47B86284FC0B}.Release|Any CPU.ActiveCfg = Release|Any CPU
		{6073D790-CBCE-4DC7-AC11-47B86284FC0B}.Release|Any CPU.Build.0 = Release|Any CPU
	EndGlobalSection
	GlobalSection(SolutionProperties) = preSolution
		HideSolutionNode = FALSE
	EndGlobalSection
	GlobalSection(ExtensibilityGlobals) = postSolution
		SolutionGuid = {638F1C3A-14F8-427E-86FB-DD6B3C96B5E0}
	EndGlobalSection
EndGlobal
