
Microsoft Visual Studio Solution File, Format Version 12.00
# Visual Studio Version 17
VisualStudioVersion = 17.0.32014.148
MinimumVisualStudioVersion = 10.0.40219.1
Project("{FAE04EC0-301F-11D3-BF4B-00C04F79EFBC}") = "Step302", "Step302.csproj", "{47862AA0-0A15-4642-9D02-4274DB81DFBD}"
EndProject
Global
	GlobalSection(SolutionConfigurationPlatforms) = preSolution
		Debug|Any CPU = Debug|Any CPU
		Release|Any CPU = Release|Any CPU
	EndGlobalSection
	GlobalSection(ProjectConfigurationPlatforms) = postSolution
		{47862AA0-0A15-4642-9D02-4274DB81DFBD}.Debug|Any CPU.ActiveCfg = Debug|Any CPU
		{47862AA0-0A15-4642-9D02-4274DB81DFBD}.Debug|Any CPU.Build.0 = Debug|Any CPU
		{47862AA0-0A15-4642-9D02-4274DB81DFBD}.Release|Any CPU.ActiveCfg = Release|Any CPU
		{47862AA0-0A15-4642-9D02-4274DB81DFBD}.Release|Any CPU.Build.0 = Release|Any CPU
	EndGlobalSection
	GlobalSection(SolutionProperties) = preSolution
		HideSolutionNode = FALSE
	EndGlobalSection
	GlobalSection(ExtensibilityGlobals) = postSolution
		SolutionGuid = {0FEADE9A-BC03-4E53-A890-10DBBCF3E54C}
	EndGlobalSection
EndGlobal
