
Microsoft Visual Studio Solution File, Format Version 12.00
# Visual Studio Version 16
VisualStudioVersion = 16.0.31911.196
MinimumVisualStudioVersion = 10.0.40219.1
Project("{FAE04EC0-301F-11D3-BF4B-00C04F79EFBC}") = "Step279", "Step279.csproj", "{B6758DDC-4063-482A-A3F9-D3E8E73A208F}"
EndProject
Global
	GlobalSection(SolutionConfigurationPlatforms) = preSolution
		Debug|Any CPU = Debug|Any CPU
		Release|Any CPU = Release|Any CPU
	EndGlobalSection
	GlobalSection(ProjectConfigurationPlatforms) = postSolution
		{B6758DDC-4063-482A-A3F9-D3E8E73A208F}.Debug|Any CPU.ActiveCfg = Debug|Any CPU
		{B6758DDC-4063-482A-A3F9-D3E8E73A208F}.Debug|Any CPU.Build.0 = Debug|Any CPU
		{B6758DDC-4063-482A-A3F9-D3E8E73A208F}.Release|Any CPU.ActiveCfg = Release|Any CPU
		{B6758DDC-4063-482A-A3F9-D3E8E73A208F}.Release|Any CPU.Build.0 = Release|Any CPU
	EndGlobalSection
	GlobalSection(SolutionProperties) = preSolution
		HideSolutionNode = FALSE
	EndGlobalSection
	GlobalSection(ExtensibilityGlobals) = postSolution
		SolutionGuid = {843E342B-3C39-4184-B273-AB90EE722DF0}
	EndGlobalSection
EndGlobal
