
Microsoft Visual Studio Solution File, Format Version 12.00
# Visual Studio Version 17
VisualStudioVersion = 17.1.32328.378
MinimumVisualStudioVersion = 10.0.40219.1
Project("{FAE04EC0-301F-11D3-BF4B-00C04F79EFBC}") = "Step306", "Step306.csproj", "{84151779-4F67-4261-B066-45F2BF11687E}"
EndProject
Global
	GlobalSection(SolutionConfigurationPlatforms) = preSolution
		Debug|Any CPU = Debug|Any CPU
		Release|Any CPU = Release|Any CPU
	EndGlobalSection
	GlobalSection(ProjectConfigurationPlatforms) = postSolution
		{84151779-4F67-4261-B066-45F2BF11687E}.Debug|Any CPU.ActiveCfg = Debug|Any CPU
		{84151779-4F67-4261-B066-45F2BF11687E}.Debug|Any CPU.Build.0 = Debug|Any CPU
		{84151779-4F67-4261-B066-45F2BF11687E}.Release|Any CPU.ActiveCfg = Release|Any CPU
		{84151779-4F67-4261-B066-45F2BF11687E}.Release|Any CPU.Build.0 = Release|Any CPU
	EndGlobalSection
	GlobalSection(SolutionProperties) = preSolution
		HideSolutionNode = FALSE
	EndGlobalSection
	GlobalSection(ExtensibilityGlobals) = postSolution
		SolutionGuid = {234A3C86-8776-4D2B-831F-E79403418A36}
	EndGlobalSection
EndGlobal
