
Microsoft Visual Studio Solution File, Format Version 12.00
# Visual Studio Version 17
VisualStudioVersion = 17.0.32014.148
MinimumVisualStudioVersion = 10.0.40219.1
Project("{FAE04EC0-301F-11D3-BF4B-00C04F79EFBC}") = "Step285", "Step285.csproj", "{A91F26F6-6F40-46F5-BA05-BBE9DBFD8E4B}"
EndProject
Global
	GlobalSection(SolutionConfigurationPlatforms) = preSolution
		Debug|Any CPU = Debug|Any CPU
		Release|Any CPU = Release|Any CPU
	EndGlobalSection
	GlobalSection(ProjectConfigurationPlatforms) = postSolution
		{A91F26F6-6F40-46F5-BA05-BBE9DBFD8E4B}.Debug|Any CPU.ActiveCfg = Debug|Any CPU
		{A91F26F6-6F40-46F5-BA05-BBE9DBFD8E4B}.Debug|Any CPU.Build.0 = Debug|Any CPU
		{A91F26F6-6F40-46F5-BA05-BBE9DBFD8E4B}.Release|Any CPU.ActiveCfg = Release|Any CPU
		{A91F26F6-6F40-46F5-BA05-BBE9DBFD8E4B}.Release|Any CPU.Build.0 = Release|Any CPU
	EndGlobalSection
	GlobalSection(SolutionProperties) = preSolution
		HideSolutionNode = FALSE
	EndGlobalSection
	GlobalSection(ExtensibilityGlobals) = postSolution
		SolutionGuid = {0D5BABE2-C66D-43B4-A441-6520A77905E5}
	EndGlobalSection
EndGlobal
