
Microsoft Visual Studio Solution File, Format Version 12.00
# Visual Studio Version 16
VisualStudioVersion = 16.0.31729.503
MinimumVisualStudioVersion = 10.0.40219.1
Project("{FAE04EC0-301F-11D3-BF4B-00C04F79EFBC}") = "TryCatchBlock", "TryCatchBlock.csproj", "{F31B4F8A-8D15-4453-B23A-3E6046E6924F}"
EndProject
Global
	GlobalSection(SolutionConfigurationPlatforms) = preSolution
		Debug|Any CPU = Debug|Any CPU
		Release|Any CPU = Release|Any CPU
	EndGlobalSection
	GlobalSection(ProjectConfigurationPlatforms) = postSolution
		{F31B4F8A-8D15-4453-B23A-3E6046E6924F}.Debug|Any CPU.ActiveCfg = Debug|Any CPU
		{F31B4F8A-8D15-4453-B23A-3E6046E6924F}.Debug|Any CPU.Build.0 = Debug|Any CPU
		{F31B4F8A-8D15-4453-B23A-3E6046E6924F}.Release|Any CPU.ActiveCfg = Release|Any CPU
		{F31B4F8A-8D15-4453-B23A-3E6046E6924F}.Release|Any CPU.Build.0 = Release|Any CPU
	EndGlobalSection
	GlobalSection(SolutionProperties) = preSolution
		HideSolutionNode = FALSE
	EndGlobalSection
	GlobalSection(ExtensibilityGlobals) = postSolution
		SolutionGuid = {E9D3A7FB-99DD-4F09-BE38-6A0D35C3D9FA}
	EndGlobalSection
EndGlobal
