
Microsoft Visual Studio Solution File, Format Version 12.00
# Visual Studio Version 16
VisualStudioVersion = 16.0.31729.503
MinimumVisualStudioVersion = 10.0.40219.1
Project("{FAE04EC0-301F-11D3-BF4B-00C04F79EFBC}") = "ClassesandMethods", "ClassesandMethods.csproj", "{E725C36C-D5DF-44F8-A21C-7A6DC90981F8}"
EndProject
Global
	GlobalSection(SolutionConfigurationPlatforms) = preSolution
		Debug|Any CPU = Debug|Any CPU
		Release|Any CPU = Release|Any CPU
	EndGlobalSection
	GlobalSection(ProjectConfigurationPlatforms) = postSolution
		{E725C36C-D5DF-44F8-A21C-7A6DC90981F8}.Debug|Any CPU.ActiveCfg = Debug|Any CPU
		{E725C36C-D5DF-44F8-A21C-7A6DC90981F8}.Debug|Any CPU.Build.0 = Debug|Any CPU
		{E725C36C-D5DF-44F8-A21C-7A6DC90981F8}.Release|Any CPU.ActiveCfg = Release|Any CPU
		{E725C36C-D5DF-44F8-A21C-7A6DC90981F8}.Release|Any CPU.Build.0 = Release|Any CPU
	EndGlobalSection
	GlobalSection(SolutionProperties) = preSolution
		HideSolutionNode = FALSE
	EndGlobalSection
	GlobalSection(ExtensibilityGlobals) = postSolution
		SolutionGuid = {BC130136-CD6A-4462-85E5-A576BEAEF4BC}
	EndGlobalSection
EndGlobal
